# THIS IS AN AUTOGENERATED FILE. DO NOT EDIT THIS FILE DIRECTLY.
# yarn lockfile v1


vector2d@^3.0.0:
  version "3.0.0"
  resolved "https://registry.yarnpkg.com/vector2d/-/vector2d-3.0.0.tgz#4376fd2f5f271b2be5aeeed8355003c6365dfdcf"
  integrity sha512-ZhCKsHeBwWb8rLOFx0rYymMfujYMoZMCqhQlhxFfeTNKiwcBX7W0HvGECwjJYKodk51WwFhlNFSLnpISpM90Rw==
